// !$*UTF8*$!
{
	archiveVersion = 1;
	classes = {
	};
	objectVersion = 46;
	objects = {

/* Begin PBXBuildFile section */
		840FAB7C189685600096CC6E /* Foundation.framework in Frameworks */ = {isa = PBXBuildFile; fileRef = 840FAB7B189685600096CC6E /* Foundation.framework */; };
		840FAB7E189685600096CC6E /* CoreGraphics.framework in Frameworks */ = {isa = PBXBuildFile; fileRef = 840FAB7D189685600096CC6E /* CoreGraphics.framework */; };
		840FAB80189685600096CC6E /* UIKit.framework in Frameworks */ = {isa = PBXBuildFile; fileRef = 840FAB7F189685600096CC6E /* UIKit.framework */; };
		840FAB86189685600096CC6E /* InfoPlist.strings in Resources */ = {isa = PBXBuildFile; fileRef = 840FAB84189685600096CC6E /* InfoPlist.strings */; };
		840FAB88189685600096CC6E /* main.m in Sources */ = {isa = PBXBuildFile; fileRef = 840FAB87189685600096CC6E /* main.m */; };
		840FAB8C189685600096CC6E /* AppDelegate.m in Sources */ = {isa = PBXBuildFile; fileRef = 840FAB8B189685600096CC6E /* AppDelegate.m */; };
		840FAB8F189685600096CC6E /* Main.storyboard in Resources */ = {isa = PBXBuildFile; fileRef = 840FAB8D189685600096CC6E /* Main.storyboard */; };
		840FAB92189685600096CC6E /* ViewController.m in Sources */ = {isa = PBXBuildFile; fileRef = 840FAB91189685600096CC6E /* ViewController.m */; };
		840FAB94189685600096CC6E /* Images.xcassets in Resources */ = {isa = PBXBuildFile; fileRef = 840FAB93189685600096CC6E /* Images.xcassets */; };
		840FAB9B189685600096CC6E /* XCTest.framework in Frameworks */ = {isa = PBXBuildFile; fileRef = 840FAB9A189685600096CC6E /* XCTest.framework */; };
		840FAB9C189685600096CC6E /* Foundation.framework in Frameworks */ = {isa = PBXBuildFile; fileRef = 840FAB7B189685600096CC6E /* Foundation.framework */; };
		840FAB9D189685600096CC6E /* UIKit.framework in Frameworks */ = {isa = PBXBuildFile; fileRef = 840FAB7F189685600096CC6E /* UIKit.framework */; };
		840FABA5189685600096CC6E /* InfoPlist.strings in Resources */ = {isa = PBXBuildFile; fileRef = 840FABA3189685600096CC6E /* InfoPlist.strings */; };
		840FABA7189685600096CC6E /* AUTOLayoutDemoTests.m in Sources */ = {isa = PBXBuildFile; fileRef = 840FABA6189685600096CC6E /* AUTOLayoutDemoTests.m */; };
/* End PBXBuildFile section */

/* Begin PBXContainerItemProxy section */
		840FAB9E189685600096CC6E /* PBXContainerItemProxy */ = {
			isa = PBXContainerItemProxy;
			containerPortal = 840FAB70189685600096CC6E /* Project object */;
			proxyType = 1;
			remoteGlobalIDString = 840FAB77189685600096CC6E;
			remoteInfo = AUTOLayoutDemo;
		};
/* End PBXContainerItemProxy section */

/* Begin PBXFileReference section */
		840FAB78189685600096CC6E /* AUTOLayoutDemo.app */ = {isa = PBXFileReference; explicitFileType = wrapper.application; includeInIndex = 0; path = AUTOLayoutDemo.app; sourceTree = BUILT_PRODUCTS_DIR; };
		840FAB7B189685600096CC6E /* Foundation.framework */ = {isa = PBXFileReference; lastKnownFileType = wrapper.framework; name = Foundation.framework; path = System/Library/Frameworks/Foundation.framework; sourceTree = SDKROOT; };
		840FAB7D189685600096CC6E /* CoreGraphics.framework */ = {isa = PBXFileReference; lastKnownFileType = wrapper.framework; name = CoreGraphics.framework; path = System/Library/Frameworks/CoreGraphics.framework; sourceTree = SDKROOT; };
		840FAB7F189685600096CC6E /* UIKit.framework */ = {isa = PBXFileReference; lastKnownFileType = wrapper.framework; name = UIKit.framework; path = System/Library/Frameworks/UIKit.framework; sourceTree = SDKROOT; };
		840FAB83189685600096CC6E /* AUTOLayoutDemo-Info.plist */ = {isa = PBXFileReference; lastKnownFileType = text.plist.xml; path = "AUTOLayoutDemo-Info.plist"; sourceTree = "<group>"; };
		840FAB85189685600096CC6E /* en */ = {isa = PBXFileReference; lastKnownFileType = text.plist.strings; name = en; path = en.lproj/InfoPlist.strings; sourceTree = "<group>"; };
		840FAB87189685600096CC6E /* main.m */ = {isa = PBXFileReference; lastKnownFileType = sourcecode.c.objc; path = main.m; sourceTree = "<group>"; };
		840FAB89189685600096CC6E /* AUTOLayoutDemo-Prefix.pch */ = {isa = PBXFileReference; lastKnownFileType = sourcecode.c.h; path = "AUTOLayoutDemo-Prefix.pch"; sourceTree = "<group>"; };
		840FAB8A189685600096CC6E /* AppDelegate.h */ = {isa = PBXFileReference; lastKnownFileType = sourcecode.c.h; path = AppDelegate.h; sourceTree = "<group>"; };
		840FAB8B189685600096CC6E /* AppDelegate.m */ = {isa = PBXFileReference; lastKnownFileType = sourcecode.c.objc; path = AppDelegate.m; sourceTree = "<group>"; };
		840FAB8E189685600096CC6E /* Base */ = {isa = PBXFileReference; lastKnownFileType = file.storyboard; name = Base; path = Base.lproj/Main.storyboard; sourceTree = "<group>"; };
		840FAB90189685600096CC6E /* ViewController.h */ = {isa = PBXFileReference; lastKnownFileType = sourcecode.c.h; path = ViewController.h; sourceTree = "<group>"; };
		840FAB91189685600096CC6E /* ViewController.m */ = {isa = PBXFileReference; lastKnownFileType = sourcecode.c.objc; path = ViewController.m; sourceTree = "<group>"; };
		840FAB93189685600096CC6E /* Images.xcassets */ = {isa = PBXFileReference; lastKnownFileType = folder.assetcatalog; path = Images.xcassets; sourceTree = "<group>"; };
		840FAB99189685600096CC6E /* AUTOLayoutDemoTests.xctest */ = {isa = PBXFileReference; explicitFileType = wrapper.cfbundle; includeInIndex = 0; path = AUTOLayoutDemoTests.xctest; sourceTree = BUILT_PRODUCTS_DIR; };
		840FAB9A189685600096CC6E /* XCTest.framework */ = {isa = PBXFileReference; lastKnownFileType = wrapper.framework; name = XCTest.framework; path = Library/Frameworks/XCTest.framework; sourceTree = DEVELOPER_DIR; };
		840FABA2189685600096CC6E /* AUTOLayoutDemoTests-Info.plist */ = {isa = PBXFileReference; lastKnownFileType = text.plist.xml; path = "AUTOLayoutDemoTests-Info.plist"; sourceTree = "<group>"; };
		840FABA4189685600096CC6E /* en */ = {isa = PBXFileReference; lastKnownFileType = text.plist.strings; name = en; path = en.lproj/InfoPlist.strings; sourceTree = "<group>"; };
		840FABA6189685600096CC6E /* AUTOLayoutDemoTests.m */ = {isa = PBXFileReference; lastKnownFileType = sourcecode.c.objc; path = AUTOLayoutDemoTests.m; sourceTree = "<group>"; };
/* End PBXFileReference section */

/* Begin PBXFrameworksBuildPhase section */
		840FAB75189685600096CC6E /* Frameworks */ = {
			isa = PBXFrameworksBuildPhase;
			buildActionMask = 2147483647;
			files = (
				840FAB7E189685600096CC6E /* CoreGraphics.framework in Frameworks */,
				840FAB80189685600096CC6E /* UIKit.framework in Frameworks */,
				840FAB7C189685600096CC6E /* Foundation.framework in Frameworks */,
			);
			runOnlyForDeploymentPostprocessing = 0;
		};
		840FAB96189685600096CC6E /* Frameworks */ = {
			isa = PBXFrameworksBuildPhase;
			buildActionMask = 2147483647;
			files = (
				840FAB9B189685600096CC6E /* XCTest.framework in Frameworks */,
				840FAB9D189685600096CC6E /* UIKit.framework in Frameworks */,
				840FAB9C189685600096CC6E /* Foundation.framework in Frameworks */,
			);
			runOnlyForDeploymentPostprocessing = 0;
		};
/* End PBXFrameworksBuildPhase section */

/* Begin PBXGroup section */
		840FAB6F1896855F0096CC6E = {
			isa = PBXGroup;
			children = (
				840FAB81189685600096CC6E /* AUTOLayoutDemo */,
				840FABA0189685600096CC6E /* AUTOLayoutDemoTests */,
				840FAB7A189685600096CC6E /* Frameworks */,
				840FAB79189685600096CC6E /* Products */,
			);
			sourceTree = "<group>";
		};
		840FAB79189685600096CC6E /* Products */ = {
			isa = PBXGroup;
			children = (
				840FAB78189685600096CC6E /* AUTOLayoutDemo.app */,
				840FAB99189685600096CC6E /* AUTOLayoutDemoTests.xctest */,
			);
			name = Products;
			sourceTree = "<group>";
		};
		840FAB7A189685600096CC6E /* Frameworks */ = {
			isa = PBXGroup;
			children = (
				840FAB7B189685600096CC6E /* Foundation.framework */,
				840FAB7D189685600096CC6E /* CoreGraphics.framework */,
				840FAB7F189685600096CC6E /* UIKit.framework */,
				840FAB9A189685600096CC6E /* XCTest.framework */,
			);
			name = Frameworks;
			sourceTree = "<group>";
		};
		840FAB81189685600096CC6E /* AUTOLayoutDemo */ = {
			isa = PBXGroup;
			children = (
				840FAB8A189685600096CC6E /* AppDelegate.h */,
				840FAB8B189685600096CC6E /* AppDelegate.m */,
				840FAB8D189685600096CC6E /* Main.storyboard */,
				840FAB90189685600096CC6E /* ViewController.h */,
				840FAB91189685600096CC6E /* ViewController.m */,
				840FAB93189685600096CC6E /* Images.xcassets */,
				840FAB82189685600096CC6E /* Supporting Files */,
			);
			path = AUTOLayoutDemo;
			sourceTree = "<group>";
		};
		840FAB82189685600096CC6E /* Supporting Files */ = {
			isa = PBXGroup;
			children = (
				840FAB83189685600096CC6E /* AUTOLayoutDemo-Info.plist */,
				840FAB84189685600096CC6E /* InfoPlist.strings */,
				840FAB87189685600096CC6E /* main.m */,
				840FAB89189685600096CC6E /* AUTOLayoutDemo-Prefix.pch */,
			);
			name = "Supporting Files";
			sourceTree = "<group>";
		};
		840FABA0189685600096CC6E /* AUTOLayoutDemoTests */ = {
			isa = PBXGroup;
			children = (
				840FABA6189685600096CC6E /* AUTOLayoutDemoTests.m */,
				840FABA1189685600096CC6E /* Supporting Files */,
			);
			path = AUTOLayoutDemoTests;
			sourceTree = "<group>";
		};
		840FABA1189685600096CC6E /* Supporting Files */ = {
			isa = PBXGroup;
			children = (
				840FABA2189685600096CC6E /* AUTOLayoutDemoTests-Info.plist */,
				840FABA3189685600096CC6E /* InfoPlist.strings */,
			);
			name = "Supporting Files";
			sourceTree = "<group>";
		};
/* End PBXGroup section */

/* Begin PBXNativeTarget section */
		840FAB77189685600096CC6E /* AUTOLayoutDemo */ = {
			isa = PBXNativeTarget;
			buildConfigurationList = 840FABAA189685600096CC6E /* Build configuration list for PBXNativeTarget "AUTOLayoutDemo" */;
			buildPhases = (
				840FAB74189685600096CC6E /* Sources */,
				840FAB75189685600096CC6E /* Frameworks */,
				840FAB76189685600096CC6E /* Resources */,
			);
			buildRules = (
			);
			dependencies = (
			);
			name = AUTOLayoutDemo;
			productName = AUTOLayoutDemo;
			productReference = 840FAB78189685600096CC6E /* AUTOLayoutDemo.app */;
			productType = "com.apple.product-type.application";
		};
		840FAB98189685600096CC6E /* AUTOLayoutDemoTests */ = {
			isa = PBXNativeTarget;
			buildConfigurationList = 840FABAD189685600096CC6E /* Build configuration list for PBXNativeTarget "AUTOLayoutDemoTests" */;
			buildPhases = (
				840FAB95189685600096CC6E /* Sources */,
				840FAB96189685600096CC6E /* Frameworks */,
				840FAB97189685600096CC6E /* Resources */,
			);
			buildRules = (
			);
			dependencies = (
				840FAB9F189685600096CC6E /* PBXTargetDependency */,
			);
			name = AUTOLayoutDemoTests;
			productName = AUTOLayoutDemoTests;
			productReference = 840FAB99189685600096CC6E /* AUTOLayoutDemoTests.xctest */;
			productType = "com.apple.product-type.bundle.unit-test";
		};
/* End PBXNativeTarget section */

/* Begin PBXProject section */
		840FAB70189685600096CC6E /* Project object */ = {
			isa = PBXProject;
			attributes = {
				LastUpgradeCheck = 0610;
				ORGANIZATIONNAME = ShowSeeker;
				TargetAttributes = {
					840FAB98189685600096CC6E = {
						TestTargetID = 840FAB77189685600096CC6E;
					};
				};
			};
			buildConfigurationList = 840FAB73189685600096CC6E /* Build configuration list for PBXProject "AUTOLayoutDemo" */;
			compatibilityVersion = "Xcode 3.2";
			developmentRegion = English;
			hasScannedForEncodings = 0;
			knownRegions = (
				en,
				Base,
			);
			mainGroup = 840FAB6F1896855F0096CC6E;
			productRefGroup = 840FAB79189685600096CC6E /* Products */;
			projectDirPath = "";
			projectRoot = "";
			targets = (
				840FAB77189685600096CC6E /* AUTOLayoutDemo */,
				840FAB98189685600096CC6E /* AUTOLayoutDemoTests */,
			);
		};
/* End PBXProject section */

/* Begin PBXResourcesBuildPhase section */
		840FAB76189685600096CC6E /* Resources */ = {
			isa = PBXResourcesBuildPhase;
			buildActionMask = 2147483647;
			files = (
				840FAB94189685600096CC6E /* Images.xcassets in Resources */,
				840FAB86189685600096CC6E /* InfoPlist.strings in Resources */,
				840FAB8F189685600096CC6E /* Main.storyboard in Resources */,
			);
			runOnlyForDeploymentPostprocessing = 0;
		};
		840FAB97189685600096CC6E /* Resources */ = {
			isa = PBXResourcesBuildPhase;
			buildActionMask = 2147483647;
			files = (
				840FABA5189685600096CC6E /* InfoPlist.strings in Resources */,
			);
			runOnlyForDeploymentPostprocessing = 0;
		};
/* End PBXResourcesBuildPhase section */

/* Begin PBXSourcesBuildPhase section */
		840FAB74189685600096CC6E /* Sources */ = {
			isa = PBXSourcesBuildPhase;
			buildActionMask = 2147483647;
			files = (
				840FAB92189685600096CC6E /* ViewController.m in Sources */,
				840FAB8C189685600096CC6E /* AppDelegate.m in Sources */,
				840FAB88189685600096CC6E /* main.m in Sources */,
			);
			runOnlyForDeploymentPostprocessing = 0;
		};
		840FAB95189685600096CC6E /* Sources */ = {
			isa = PBXSourcesBuildPhase;
			buildActionMask = 2147483647;
			files = (
				840FABA7189685600096CC6E /* AUTOLayoutDemoTests.m in Sources */,
			);
			runOnlyForDeploymentPostprocessing = 0;
		};
/* End PBXSourcesBuildPhase section */

/* Begin PBXTargetDependency section */
		840FAB9F189685600096CC6E /* PBXTargetDependency */ = {
			isa = PBXTargetDependency;
			target = 840FAB77189685600096CC6E /* AUTOLayoutDemo */;
			targetProxy = 840FAB9E189685600096CC6E /* PBXContainerItemProxy */;
		};
/* End PBXTargetDependency section */

/* Begin PBXVariantGroup section */
		840FAB84189685600096CC6E /* InfoPlist.strings */ = {
			isa = PBXVariantGroup;
			children = (
				840FAB85189685600096CC6E /* en */,
			);
			name = InfoPlist.strings;
			sourceTree = "<group>";
		};
		840FAB8D189685600096CC6E /* Main.storyboard */ = {
			isa = PBXVariantGroup;
			children = (
				840FAB8E189685600096CC6E /* Base */,
			);
			name = Main.storyboard;
			sourceTree = "<group>";
		};
		840FABA3189685600096CC6E /* InfoPlist.strings */ = {
			isa = PBXVariantGroup;
			children = (
				840FABA4189685600096CC6E /* en */,
			);
			name = InfoPlist.strings;
			sourceTree = "<group>";
		};
/* End PBXVariantGroup section */

/* Begin XCBuildConfiguration section */
		840FABA8189685600096CC6E /* Debug */ = {
			isa = XCBuildConfiguration;
			buildSettings = {
				ALWAYS_SEARCH_USER_PATHS = NO;
				CLANG_CXX_LANGUAGE_STANDARD = "gnu++0x";
				CLANG_CXX_LIBRARY = "libc++";
				CLANG_ENABLE_MODULES = YES;
				CLANG_ENABLE_OBJC_ARC = YES;
				CLANG_WARN_BOOL_CONVERSION = YES;
				CLANG_WARN_CONSTANT_CONVERSION = YES;
				CLANG_WARN_DIRECT_OBJC_ISA_USAGE = YES_ERROR;
				CLANG_WARN_EMPTY_BODY = YES;
				CLANG_WARN_ENUM_CONVERSION = YES;
				CLANG_WARN_INT_CONVERSION = YES;
				CLANG_WARN_OBJC_ROOT_CLASS = YES_ERROR;
				CLANG_WARN__DUPLICATE_METHOD_MATCH = YES;
				"CODE_SIGN_IDENTITY[sdk=iphoneos*]" = "iPhone Developer";
				COPY_PHASE_STRIP = NO;
				GCC_C_LANGUAGE_STANDARD = gnu99;
				GCC_DYNAMIC_NO_PIC = NO;
				GCC_OPTIMIZATION_LEVEL = 0;
				GCC_PREPROCESSOR_DEFINITIONS = (
					"DEBUG=1",
					"$(inherited)",
				);
				GCC_SYMBOLS_PRIVATE_EXTERN = NO;
				GCC_WARN_64_TO_32_BIT_CONVERSION = YES;
				GCC_WARN_ABOUT_RETURN_TYPE = YES_ERROR;
				GCC_WARN_UNDECLARED_SELECTOR = YES;
				GCC_WARN_UNINITIALIZED_AUTOS = YES;
				GCC_WARN_UNUSED_FUNCTION = YES;
				GCC_WARN_UNUSED_VARIABLE = YES;
				IPHONEOS_DEPLOYMENT_TARGET = 7.0;
				ONLY_ACTIVE_ARCH = YES;
				SDKROOT = iphoneos;
			};
			name = Debug;
		};
		840FABA9189685600096CC6E /* Release */ = {
			isa = XCBuildConfiguration;
			buildSettings = {
				ALWAYS_SEARCH_USER_PATHS = NO;
				CLANG_CXX_LANGUAGE_STANDARD = "gnu++0x";
				CLANG_CXX_LIBRARY = "libc++";
				CLANG_ENABLE_MODULES = YES;
				CLANG_ENABLE_OBJC_ARC = YES;
				CLANG_WARN_BOOL_CONVERSION = YES;
				CLANG_WARN_CONSTANT_CONVERSION = YES;
				CLANG_WARN_DIRECT_OBJC_ISA_USAGE = YES_ERROR;
				CLANG_WARN_EMPTY_BODY = YES;
				CLANG_WARN_ENUM_CONVERSION = YES;
				CLANG_WARN_INT_CONVERSION = YES;
				CLANG_WARN_OBJC_ROOT_CLASS = YES_ERROR;
				CLANG_WARN__DUPLICATE_METHOD_MATCH = YES;
				"CODE_SIGN_IDENTITY[sdk=iphoneos*]" = "iPhone Developer";
				COPY_PHASE_STRIP = YES;
				ENABLE_NS_ASSERTIONS = NO;
				GCC_C_LANGUAGE_STANDARD = gnu99;
				GCC_WARN_64_TO_32_BIT_CONVERSION = YES;
				GCC_WARN_ABOUT_RETURN_TYPE = YES_ERROR;
				GCC_WARN_UNDECLARED_SELECTOR = YES;
				GCC_WARN_UNINITIALIZED_AUTOS = YES;
				GCC_WARN_UNUSED_FUNCTION = YES;
				GCC_WARN_UNUSED_VARIABLE = YES;
				IPHONEOS_DEPLOYMENT_TARGET = 7.0;
				SDKROOT = iphoneos;
				VALIDATE_PRODUCT = YES;
			};
			name = Release;
		};
		840FABAB189685600096CC6E /* Debug */ = {
			isa = XCBuildConfiguration;
			buildSettings = {
				ASSETCATALOG_COMPILER_APPICON_NAME = AppIcon;
				ASSETCATALOG_COMPILER_LAUNCHIMAGE_NAME = LaunchImage;
				GCC_PRECOMPILE_PREFIX_HEADER = YES;
				GCC_PREFIX_HEADER = "AUTOLayoutDemo/AUTOLayoutDemo-Prefix.pch";
				INFOPLIST_FILE = "AUTOLayoutDemo/AUTOLayoutDemo-Info.plist";
				IPHONEOS_DEPLOYMENT_TARGET = 6.0;
				PRODUCT_NAME = "$(TARGET_NAME)";
				TARGETED_DEVICE_FAMILY = 1;
				WRAPPER_EXTENSION = app;
			};
			name = Debug;
		};
		840FABAC189685600096CC6E /* Release */ = {
			isa = XCBuildConfiguration;
			buildSettings = {
				ASSETCATALOG_COMPILER_APPICON_NAME = AppIcon;
				ASSETCATALOG_COMPILER_LAUNCHIMAGE_NAME = LaunchImage;
				GCC_PRECOMPILE_PREFIX_HEADER = YES;
				GCC_PREFIX_HEADER = "AUTOLayoutDemo/AUTOLayoutDemo-Prefix.pch";
				INFOPLIST_FILE = "AUTOLayoutDemo/AUTOLayoutDemo-Info.plist";
				IPHONEOS_DEPLOYMENT_TARGET = 6.0;
				PRODUCT_NAME = "$(TARGET_NAME)";
				TARGETED_DEVICE_FAMILY = 1;
				WRAPPER_EXTENSION = app;
			};
			name = Release;
		};
		840FABAE189685600096CC6E /* Debug */ = {
			isa = XCBuildConfiguration;
			buildSettings = {
				BUNDLE_LOADER = "$(BUILT_PRODUCTS_DIR)/AUTOLayoutDemo.app/AUTOLayoutDemo";
				FRAMEWORK_SEARCH_PATHS = (
					"$(SDKROOT)/Developer/Library/Frameworks",
					"$(inherited)",
					"$(DEVELOPER_FRAMEWORKS_DIR)",
				);
				GCC_PRECOMPILE_PREFIX_HEADER = YES;
				GCC_PREFIX_HEADER = "AUTOLayoutDemo/AUTOLayoutDemo-Prefix.pch";
				GCC_PREPROCESSOR_DEFINITIONS = (
					"DEBUG=1",
					"$(inherited)",
				);
				INFOPLIST_FILE = "AUTOLayoutDemoTests/AUTOLayoutDemoTests-Info.plist";
				PRODUCT_NAME = "$(TARGET_NAME)";
				TEST_HOST = "$(BUNDLE_LOADER)";
				WRAPPER_EXTENSION = xctest;
			};
			name = Debug;
		};
		840FABAF189685600096CC6E /* Release */ = {
			isa = XCBuildConfiguration;
			buildSettings = {
				BUNDLE_LOADER = "$(BUILT_PRODUCTS_DIR)/AUTOLayoutDemo.app/AUTOLayoutDemo";
				FRAMEWORK_SEARCH_PATHS = (
					"$(SDKROOT)/Developer/Library/Frameworks",
					"$(inherited)",
					"$(DEVELOPER_FRAMEWORKS_DIR)",
				);
				GCC_PRECOMPILE_PREFIX_HEADER = YES;
				GCC_PREFIX_HEADER = "AUTOLayoutDemo/AUTOLayoutDemo-Prefix.pch";
				INFOPLIST_FILE = "AUTOLayoutDemoTests/AUTOLayoutDemoTests-Info.plist";
				PRODUCT_NAME = "$(TARGET_NAME)";
				TEST_HOST = "$(BUNDLE_LOADER)";
				WRAPPER_EXTENSION = xctest;
			};
			name = Release;
		};
/* End XCBuildConfiguration section */

/* Begin XCConfigurationList section */
		840FAB73189685600096CC6E /* Build configuration list for PBXProject "AUTOLayoutDemo" */ = {
			isa = XCConfigurationList;
			buildConfigurations = (
				840FABA8189685600096CC6E /* Debug */,
				840FABA9189685600096CC6E /* Release */,
			);
			defaultConfigurationIsVisible = 0;
			defaultConfigurationName = Release;
		};
		840FABAA189685600096CC6E /* Build configuration list for PBXNativeTarget "AUTOLayoutDemo" */ = {
			isa = XCConfigurationList;
			buildConfigurations = (
				840FABAB189685600096CC6E /* Debug */,
				840FABAC189685600096CC6E /* Release */,
			);
			defaultConfigurationIsVisible = 0;
			defaultConfigurationName = Release;
		};
		840FABAD189685600096CC6E /* Build configuration list for PBXNativeTarget "AUTOLayoutDemoTests" */ = {
			isa = XCConfigurationList;
			buildConfigurations = (
				840FABAE189685600096CC6E /* Debug */,
				840FABAF189685600096CC6E /* Release */,
			);
			defaultConfigurationIsVisible = 0;
			defaultConfigurationName = Release;
		};
/* End XCConfigurationList section */
	};
	rootObject = 840FAB70189685600096CC6E /* Project object */;
}
